
Microsoft Visual Studio Solution File, Format Version 12.00
# Visual Studio Version 17
VisualStudioVersion = 17.9.34728.123
MinimumVisualStudioVersion = 10.0.40219.1
Project("{FAE04EC0-301F-11D3-BF4B-00C04F79EFBC}") = "DGD208 - GameProgramming2 Final Project", "DGD208 - GameProgramming2 Final Project\DGD208 - GameProgramming2 Final Project.csproj", "{E7F86C74-4237-4C86-BED2-E30375F39394}"
EndProject
Global
	GlobalSection(SolutionConfigurationPlatforms) = preSolution
		Debug|Any CPU = Debug|Any CPU
		Release|Any CPU = Release|Any CPU
	EndGlobalSection
	GlobalSection(ProjectConfigurationPlatforms) = postSolution
		{E7F86C74-4237-4C86-BED2-E30375F39394}.Debug|Any CPU.ActiveCfg = Debug|Any CPU
		{E7F86C74-4237-4C86-BED2-E30375F39394}.Debug|Any CPU.Build.0 = Debug|Any CPU
		{E7F86C74-4237-4C86-BED2-E30375F39394}.Release|Any CPU.ActiveCfg = Release|Any CPU
		{E7F86C74-4237-4C86-BED2-E30375F39394}.Release|Any CPU.Build.0 = Release|Any CPU
	EndGlobalSection
	GlobalSection(SolutionProperties) = preSolution
		HideSolutionNode = FALSE
	EndGlobalSection
	GlobalSection(ExtensibilityGlobals) = postSolution
		SolutionGuid = {E5D4D20B-AF80-42AF-B302-61568712287B}
	EndGlobalSection
EndGlobal
